
Microsoft Visual Studio Solution File, Format Version 12.00
# Visual Studio Version 16
VisualStudioVersion = 16.0.31702.278
MinimumVisualStudioVersion = 10.0.40219.1
Project("{9A19103F-16F7-4668-BE54-9A1E7A4F7556}") = "MsfConsulting.Lausa.Dto", "MsfConsulting.Lausa.Dto\MsfConsulting.Lausa.Dto.csproj", "{107B2344-1621-4788-A367-FBF852E78794}"
EndProject
Project("{9A19103F-16F7-4668-BE54-9A1E7A4F7556}") = "MsfConsulting.Lausa.Domain", "MsfConsulting.Lausa.Domain\MsfConsulting.Lausa.Domain.csproj", "{F2362C18-A1D7-475D-AFCB-E8EAA57A9E5F}"
EndProject
Project("{9A19103F-16F7-4668-BE54-9A1E7A4F7556}") = "MsfConsulting.Lausa.Application.Service", "MsfConsulting.Lausa.Application.Service\MsfConsulting.Lausa.Application.Service.csproj", "{43D0E116-D5DB-48F6-A9F1-0FF9A397BF62}"
EndProject
Project("{9A19103F-16F7-4668-BE54-9A1E7A4F7556}") = "MsfConsulting.Lausa.Database.Migrations", "MsfConsulting.Lausa.Database.Migrations\MsfConsulting.Lausa.Database.Migrations.csproj", "{024730C8-1CC6-402C-9A6F-8028DBACA853}"
EndProject
Project("{9A19103F-16F7-4668-BE54-9A1E7A4F7556}") = "MsfConsulting.Lausa.Domain.Repository", "MsfConsulting.Lausa.Domain.Repository\MsfConsulting.Lausa.Domain.Repository.csproj", "{AA42C6DC-4747-4A9D-A76B-5C4B16DBCBFB}"
EndProject
Project("{9A19103F-16F7-4668-BE54-9A1E7A4F7556}") = "MsfConsulting.Lausa.Read.Application.Service", "MsfConsulting.Lausa.Read.Application.Service\MsfConsulting.Lausa.Read.Application.Service.csproj", "{916F9495-1445-4FD5-A856-94DC5AD70158}"
EndProject
Project("{9A19103F-16F7-4668-BE54-9A1E7A4F7556}") = "MsfConsulting.Lausa.Api", "MsfConsulting.Lausa.Api\MsfConsulting.Lausa.Api.csproj", "{CEB5ECEB-BACA-40DE-91E5-A2F284C41568}"
EndProject
Project("{9A19103F-16F7-4668-BE54-9A1E7A4F7556}") = "MsfConsulting.Lausa.Read.Api", "MsfConsulting.Lausa.Read.Api\MsfConsulting.Lausa.Read.Api.csproj", "{37766070-B912-4661-80D8-469DF00F09F2}"
EndProject
Project("{2150E333-8FDC-42A3-9474-1A3956D46DE8}") = "Api", "Api", "{75E7A09C-605F-442B-8735-1E85D5EA7A95}"
EndProject
Project("{9A19103F-16F7-4668-BE54-9A1E7A4F7556}") = "MsfConsulting.Lausa.Shared", "MsfConsulting.Lausa.Shared\MsfConsulting.Lausa.Shared.csproj", "{372A8F0B-1D6D-4177-8B2B-A26356DF7A78}"
EndProject
Global
	GlobalSection(SolutionConfigurationPlatforms) = preSolution
		Debug|Any CPU = Debug|Any CPU
		Release|Any CPU = Release|Any CPU
	EndGlobalSection
	GlobalSection(ProjectConfigurationPlatforms) = postSolution
		{107B2344-1621-4788-A367-FBF852E78794}.Debug|Any CPU.ActiveCfg = Debug|Any CPU
		{107B2344-1621-4788-A367-FBF852E78794}.Debug|Any CPU.Build.0 = Debug|Any CPU
		{107B2344-1621-4788-A367-FBF852E78794}.Release|Any CPU.ActiveCfg = Release|Any CPU
		{107B2344-1621-4788-A367-FBF852E78794}.Release|Any CPU.Build.0 = Release|Any CPU
		{F2362C18-A1D7-475D-AFCB-E8EAA57A9E5F}.Debug|Any CPU.ActiveCfg = Debug|Any CPU
		{F2362C18-A1D7-475D-AFCB-E8EAA57A9E5F}.Debug|Any CPU.Build.0 = Debug|Any CPU
		{F2362C18-A1D7-475D-AFCB-E8EAA57A9E5F}.Release|Any CPU.ActiveCfg = Release|Any CPU
		{F2362C18-A1D7-475D-AFCB-E8EAA57A9E5F}.Release|Any CPU.Build.0 = Release|Any CPU
		{43D0E116-D5DB-48F6-A9F1-0FF9A397BF62}.Debug|Any CPU.ActiveCfg = Debug|Any CPU
		{43D0E116-D5DB-48F6-A9F1-0FF9A397BF62}.Debug|Any CPU.Build.0 = Debug|Any CPU
		{43D0E116-D5DB-48F6-A9F1-0FF9A397BF62}.Release|Any CPU.ActiveCfg = Release|Any CPU
		{43D0E116-D5DB-48F6-A9F1-0FF9A397BF62}.Release|Any CPU.Build.0 = Release|Any CPU
		{024730C8-1CC6-402C-9A6F-8028DBACA853}.Debug|Any CPU.ActiveCfg = Debug|Any CPU
		{024730C8-1CC6-402C-9A6F-8028DBACA853}.Debug|Any CPU.Build.0 = Debug|Any CPU
		{024730C8-1CC6-402C-9A6F-8028DBACA853}.Release|Any CPU.ActiveCfg = Release|Any CPU
		{024730C8-1CC6-402C-9A6F-8028DBACA853}.Release|Any CPU.Build.0 = Release|Any CPU
		{AA42C6DC-4747-4A9D-A76B-5C4B16DBCBFB}.Debug|Any CPU.ActiveCfg = Debug|Any CPU
		{AA42C6DC-4747-4A9D-A76B-5C4B16DBCBFB}.Debug|Any CPU.Build.0 = Debug|Any CPU
		{AA42C6DC-4747-4A9D-A76B-5C4B16DBCBFB}.Release|Any CPU.ActiveCfg = Release|Any CPU
		{AA42C6DC-4747-4A9D-A76B-5C4B16DBCBFB}.Release|Any CPU.Build.0 = Release|Any CPU
		{916F9495-1445-4FD5-A856-94DC5AD70158}.Debug|Any CPU.ActiveCfg = Debug|Any CPU
		{916F9495-1445-4FD5-A856-94DC5AD70158}.Debug|Any CPU.Build.0 = Debug|Any CPU
		{916F9495-1445-4FD5-A856-94DC5AD70158}.Release|Any CPU.ActiveCfg = Release|Any CPU
		{916F9495-1445-4FD5-A856-94DC5AD70158}.Release|Any CPU.Build.0 = Release|Any CPU
		{CEB5ECEB-BACA-40DE-91E5-A2F284C41568}.Debug|Any CPU.ActiveCfg = Debug|Any CPU
		{CEB5ECEB-BACA-40DE-91E5-A2F284C41568}.Debug|Any CPU.Build.0 = Debug|Any CPU
		{CEB5ECEB-BACA-40DE-91E5-A2F284C41568}.Release|Any CPU.ActiveCfg = Release|Any CPU
		{CEB5ECEB-BACA-40DE-91E5-A2F284C41568}.Release|Any CPU.Build.0 = Release|Any CPU
		{37766070-B912-4661-80D8-469DF00F09F2}.Debug|Any CPU.ActiveCfg = Debug|Any CPU
		{37766070-B912-4661-80D8-469DF00F09F2}.Debug|Any CPU.Build.0 = Debug|Any CPU
		{37766070-B912-4661-80D8-469DF00F09F2}.Release|Any CPU.ActiveCfg = Release|Any CPU
		{37766070-B912-4661-80D8-469DF00F09F2}.Release|Any CPU.Build.0 = Release|Any CPU
		{372A8F0B-1D6D-4177-8B2B-A26356DF7A78}.Debug|Any CPU.ActiveCfg = Debug|Any CPU
		{372A8F0B-1D6D-4177-8B2B-A26356DF7A78}.Debug|Any CPU.Build.0 = Debug|Any CPU
		{372A8F0B-1D6D-4177-8B2B-A26356DF7A78}.Release|Any CPU.ActiveCfg = Release|Any CPU
		{372A8F0B-1D6D-4177-8B2B-A26356DF7A78}.Release|Any CPU.Build.0 = Release|Any CPU
	EndGlobalSection
	GlobalSection(SolutionProperties) = preSolution
		HideSolutionNode = FALSE
	EndGlobalSection
	GlobalSection(NestedProjects) = preSolution
		{CEB5ECEB-BACA-40DE-91E5-A2F284C41568} = {75E7A09C-605F-442B-8735-1E85D5EA7A95}
		{37766070-B912-4661-80D8-469DF00F09F2} = {75E7A09C-605F-442B-8735-1E85D5EA7A95}
	EndGlobalSection
	GlobalSection(ExtensibilityGlobals) = postSolution
		SolutionGuid = {1621DF12-C502-47BB-BD45-34F1441A7B12}
	EndGlobalSection
EndGlobal
